// !$*UTF8*$!
{
	archiveVersion = 1;
	classes = {
	};
	objectVersion = 77;
	objects = {

/* Begin PBXBuildFile section */
		035519680195C4F91EEF3B52 /* NextSendSnapshot.swift in Sources */ = {isa = PBXBuildFile; fileRef = B0B951C5A2DDF4D3DEC387D9 /* NextSendSnapshot.swift */; };
		08A4ACA8AAE098CCF9A2FD84 /* Contacts.framework in Frameworks */ = {isa = PBXBuildFile; fileRef = 515C84EDB0AA3A18D785D359 /* Contacts.framework */; };
		31D90C96BE449C66B25CFA1B /* SendSmsIntent.swift in Sources */ = {isa = PBXBuildFile; fileRef = 5B9D402D86B5BA6F1C724263 /* SendSmsIntent.swift */; };
		39F70C9AA3AF31547147421F /* NotificationManager.swift in Sources */ = {isa = PBXBuildFile; fileRef = 21328EBACA5A6D97CB46F79B /* NotificationManager.swift */; };
		3F1CFFA20F8776EE9E97A4EE /* MessageStoreTests.swift in Sources */ = {isa = PBXBuildFile; fileRef = D3D22253C23BD27C56B9D950 /* MessageStoreTests.swift */; };
		42DCA28511773517EAD1BD83 /* StatsCalculator.swift in Sources */ = {isa = PBXBuildFile; fileRef = 2EAB0B1F2A998C849425E901 /* StatsCalculator.swift */; };
		491B42D237FDFE10F8DD59CA /* ContactPickerView.swift in Sources */ = {isa = PBXBuildFile; fileRef = D72FE61A8ED74BD71EB1CE70 /* ContactPickerView.swift */; };
		55681DCB6C3F79B64FA54FF7 /* WidgetKit.framework in Frameworks */ = {isa = PBXBuildFile; fileRef = 1C352F4412D6D158E316C991 /* WidgetKit.framework */; };
		58DBE3694B579676BDB54BFF /* MessageTemplateTests.swift in Sources */ = {isa = PBXBuildFile; fileRef = 4493E8BDADC5E35793632430 /* MessageTemplateTests.swift */; };
		593C83F255E7776F04BE8096 /* ThinkLessScheduleMoreApp.swift in Sources */ = {isa = PBXBuildFile; fileRef = F0DDBCF313FC827D7DB3D184 /* ThinkLessScheduleMoreApp.swift */; };
		5AFDE4841593394C58C61538 /* SentLogEntry.swift in Sources */ = {isa = PBXBuildFile; fileRef = B8859813CA7157B843F20938 /* SentLogEntry.swift */; };
		63483AE453B88504EC692D61 /* MessageSelector.swift in Sources */ = {isa = PBXBuildFile; fileRef = 873CF535E1E034991C9E0647 /* MessageSelector.swift */; };
		63D7DF97B97FA0E1092A901E /* MessageStore.swift in Sources */ = {isa = PBXBuildFile; fileRef = 256C7A4160D2A9A5B0ECC173 /* MessageStore.swift */; };
		64CB6F1205433850B2406CEA /* ThinkLessScheduleMoreWidgetExtension.appex in Embed Foundation Extensions */ = {isa = PBXBuildFile; fileRef = 236A5E7B1DF80A5AC1A69D8B /* ThinkLessScheduleMoreWidgetExtension.appex */; settings = {ATTRIBUTES = (RemoveHeadersOnCopy, ); }; };
		6D7004CBA2A8831D6A9EA058 /* RecurringMessageMatcherTests.swift in Sources */ = {isa = PBXBuildFile; fileRef = 7F40E10234ED82C3C2CD0F26 /* RecurringMessageMatcherTests.swift */; };
		703FC6AD3615E7E2CDCBCC5C /* NextSendSnapshot.swift in Sources */ = {isa = PBXBuildFile; fileRef = B0B951C5A2DDF4D3DEC387D9 /* NextSendSnapshot.swift */; };
		7FE0C0720F9430A2B827E3AD /* AutomationAction.swift in Sources */ = {isa = PBXBuildFile; fileRef = BA467FA22F0FFE4E1270A2DB /* AutomationAction.swift */; };
		805FB991F15D019A9CFD8CBA /* MessageTemplate.swift in Sources */ = {isa = PBXBuildFile; fileRef = F5DBDABDCAF6B312B571F2FA /* MessageTemplate.swift */; };
		8201DA88AAD6B438678064B9 /* SnoozeCalculator.swift in Sources */ = {isa = PBXBuildFile; fileRef = 481C3B1F4CE1675728668628 /* SnoozeCalculator.swift */; };
		8BE5197C6CE1331A5154489A /* OpenSmsComposeActionTests.swift in Sources */ = {isa = PBXBuildFile; fileRef = F51B2AD9EC7413D4D39BD019 /* OpenSmsComposeActionTests.swift */; };
		8DBC3C96C993355F8E923E6E /* RecurringMessageMatcher.swift in Sources */ = {isa = PBXBuildFile; fileRef = 716764462AB555D31CB7A5FB /* RecurringMessageMatcher.swift */; };
		8E249E641CD3B1D4BA032607 /* StatsView.swift in Sources */ = {isa = PBXBuildFile; fileRef = 47D9D54AE31C87ADBEE00D78 /* StatsView.swift */; };
		919A57AD10507B661C8099A4 /* ThinkLessScheduleMoreWidgetBundle.swift in Sources */ = {isa = PBXBuildFile; fileRef = D4F06BC09BCE1DD913ABEDF9 /* ThinkLessScheduleMoreWidgetBundle.swift */; };
		9368A97947B901B87763B36F /* NextSendProvider.swift in Sources */ = {isa = PBXBuildFile; fileRef = 3C3ECE49A636B0525AD969DE /* NextSendProvider.swift */; };
		9D840A474768596033DE5C92 /* NextSendFormatter.swift in Sources */ = {isa = PBXBuildFile; fileRef = 43C94319F7CF01C36B8F1530 /* NextSendFormatter.swift */; };
		9E2797AAE36BFD4E9B647423 /* MessageSelectorTests.swift in Sources */ = {isa = PBXBuildFile; fileRef = AD582A444975A210AD59B122 /* MessageSelectorTests.swift */; };
		A0C9E123F707BEC2BBE1DD22 /* WidgetKit.framework in Frameworks */ = {isa = PBXBuildFile; fileRef = 1C352F4412D6D158E316C991 /* WidgetKit.framework */; };
		A1E322D63E52F6B03881DD7E /* OpenSmsComposeAction.swift in Sources */ = {isa = PBXBuildFile; fileRef = 23C79DCCBC70F9C718E02978 /* OpenSmsComposeAction.swift */; };
		A91321873654983423871D54 /* AutomationRegistryTests.swift in Sources */ = {isa = PBXBuildFile; fileRef = F157B2A07DBEABE193206BEB /* AutomationRegistryTests.swift */; };
		AB068D78D9AFBA187FB05F59 /* NotificationManagerTests.swift in Sources */ = {isa = PBXBuildFile; fileRef = 56848A3D33F9BCDBDC7559BE /* NotificationManagerTests.swift */; };
		B3B35DBD32C165FE71AE3354 /* MessageEditorView.swift in Sources */ = {isa = PBXBuildFile; fileRef = 4FDD4975D0B2F7545DEDC7E3 /* MessageEditorView.swift */; };
		B76B57D2F7217800ECE2B7C4 /* SnoozeCalculatorTests.swift in Sources */ = {isa = PBXBuildFile; fileRef = 45F1528074812963E4DC538D /* SnoozeCalculatorTests.swift */; };
		B8131142DD03542AACD49EC8 /* SchedulerManager.swift in Sources */ = {isa = PBXBuildFile; fileRef = B438A15633DC71EB8491C31B /* SchedulerManager.swift */; };
		C18907142DAACC7A45C1C128 /* UserNotifications.framework in Frameworks */ = {isa = PBXBuildFile; fileRef = 9F850F00693AF0CD9A277BC3 /* UserNotifications.framework */; };
		CBD377F22BE8FAAA8CF7026B /* AutomationRegistry.swift in Sources */ = {isa = PBXBuildFile; fileRef = EDA093298699FD794AAF57ED /* AutomationRegistry.swift */; };
		CD003CDA6C3BF1E74C80FBF1 /* SwiftUI.framework in Frameworks */ = {isa = PBXBuildFile; fileRef = BF65479E50FF0C3328EBB561 /* SwiftUI.framework */; };
		D3E659A7F3E4741E8E5F739A /* RecurringMessageStore.swift in Sources */ = {isa = PBXBuildFile; fileRef = 743F62948D742A626C347F27 /* RecurringMessageStore.swift */; };
		DC05FBB357AFA878C60A0DEC /* NextSendFormatterTests.swift in Sources */ = {isa = PBXBuildFile; fileRef = 7113A1C5F2FC64EA206E9FBC /* NextSendFormatterTests.swift */; };
		E7E77895BE548A24EECA99D4 /* NextSendFormatter.swift in Sources */ = {isa = PBXBuildFile; fileRef = 43C94319F7CF01C36B8F1530 /* NextSendFormatter.swift */; };
		E8FA5DE39C502772BAC5EBB1 /* ContentView.swift in Sources */ = {isa = PBXBuildFile; fileRef = E4A74DAC170A8576A75CA024 /* ContentView.swift */; };
		F0CBF1D2B1C720A833BCE1C4 /* NextSendWidget.swift in Sources */ = {isa = PBXBuildFile; fileRef = FBB9C36EE009CA94A8B44AFF /* NextSendWidget.swift */; };
		FA78B327CE7CA4C9292D7A26 /* StatsCalculatorTests.swift in Sources */ = {isa = PBXBuildFile; fileRef = D926501E1DBA7C87A762C597 /* StatsCalculatorTests.swift */; };
		FB1516F8BAC4DFDD45E05830 /* ContactsUI.framework in Frameworks */ = {isa = PBXBuildFile; fileRef = 491DDE5CFCCC2C252B8B68D9 /* ContactsUI.framework */; };
/* End PBXBuildFile section */

/* Begin PBXContainerItemProxy section */
		2B2A1EDB821BD3F16C2C558F /* PBXContainerItemProxy */ = {
			isa = PBXContainerItemProxy;
			containerPortal = 884F6FC156A7712B9721EFC9 /* Project object */;
			proxyType = 1;
			remoteGlobalIDString = 9AF12586DF026624AF5147C7;
			remoteInfo = ThinkLessScheduleMoreWidgetExtension;
		};
		9BFB40C083E2549BAF7123B7 /* PBXContainerItemProxy */ = {
			isa = PBXContainerItemProxy;
			containerPortal = 884F6FC156A7712B9721EFC9 /* Project object */;
			proxyType = 1;
			remoteGlobalIDString = 3B72C052548ABD22111CCEC0;
			remoteInfo = ThinkLessScheduleMore;
		};
/* End PBXContainerItemProxy section */

/* Begin PBXCopyFilesBuildPhase section */
		3B3447BA28EA84B45FD1C3E2 /* Embed Foundation Extensions */ = {
			isa = PBXCopyFilesBuildPhase;
			buildActionMask = 2147483647;
			dstPath = "";
			dstSubfolderSpec = 13;
			files = (
				64CB6F1205433850B2406CEA /* ThinkLessScheduleMoreWidgetExtension.appex in Embed Foundation Extensions */,
			);
			name = "Embed Foundation Extensions";
			runOnlyForDeploymentPostprocessing = 0;
		};
/* End PBXCopyFilesBuildPhase section */

/* Begin PBXFileReference section */
		0F7E015903FD0178B1C20A12 /* Info.plist */ = {isa = PBXFileReference; lastKnownFileType = text.plist; path = Info.plist; sourceTree = "<group>"; };
		1B9A78AE9CB09B5BA6E4DED7 /* ThinkLessScheduleMore.entitlements */ = {isa = PBXFileReference; lastKnownFileType = text.plist.entitlements; path = ThinkLessScheduleMore.entitlements; sourceTree = "<group>"; };
		1C352F4412D6D158E316C991 /* WidgetKit.framework */ = {isa = PBXFileReference; lastKnownFileType = wrapper.framework; name = WidgetKit.framework; path = System/Library/Frameworks/WidgetKit.framework; sourceTree = SDKROOT; };
		21328EBACA5A6D97CB46F79B /* NotificationManager.swift */ = {isa = PBXFileReference; lastKnownFileType = sourcecode.swift; path = NotificationManager.swift; sourceTree = "<group>"; };
		236A5E7B1DF80A5AC1A69D8B /* ThinkLessScheduleMoreWidgetExtension.appex */ = {isa = PBXFileReference; includeInIndex = 0; lastKnownFileType = "wrapper.app-extension"; path = ThinkLessScheduleMoreWidgetExtension.appex; sourceTree = BUILT_PRODUCTS_DIR; };
		23C79DCCBC70F9C718E02978 /* OpenSmsComposeAction.swift */ = {isa = PBXFileReference; lastKnownFileType = sourcecode.swift; path = OpenSmsComposeAction.swift; sourceTree = "<group>"; };
		256C7A4160D2A9A5B0ECC173 /* MessageStore.swift */ = {isa = PBXFileReference; lastKnownFileType = sourcecode.swift; path = MessageStore.swift; sourceTree = "<group>"; };
		2EAB0B1F2A998C849425E901 /* StatsCalculator.swift */ = {isa = PBXFileReference; lastKnownFileType = sourcecode.swift; path = StatsCalculator.swift; sourceTree = "<group>"; };
		3C3ECE49A636B0525AD969DE /* NextSendProvider.swift */ = {isa = PBXFileReference; lastKnownFileType = sourcecode.swift; path = NextSendProvider.swift; sourceTree = "<group>"; };
		43C94319F7CF01C36B8F1530 /* NextSendFormatter.swift */ = {isa = PBXFileReference; lastKnownFileType = sourcecode.swift; path = NextSendFormatter.swift; sourceTree = "<group>"; };
		4493E8BDADC5E35793632430 /* MessageTemplateTests.swift */ = {isa = PBXFileReference; lastKnownFileType = sourcecode.swift; path = MessageTemplateTests.swift; sourceTree = "<group>"; };
		45F1528074812963E4DC538D /* SnoozeCalculatorTests.swift */ = {isa = PBXFileReference; lastKnownFileType = sourcecode.swift; path = SnoozeCalculatorTests.swift; sourceTree = "<group>"; };
		47D9D54AE31C87ADBEE00D78 /* StatsView.swift */ = {isa = PBXFileReference; lastKnownFileType = sourcecode.swift; path = StatsView.swift; sourceTree = "<group>"; };
		481C3B1F4CE1675728668628 /* SnoozeCalculator.swift */ = {isa = PBXFileReference; lastKnownFileType = sourcecode.swift; path = SnoozeCalculator.swift; sourceTree = "<group>"; };
		491DDE5CFCCC2C252B8B68D9 /* ContactsUI.framework */ = {isa = PBXFileReference; lastKnownFileType = wrapper.framework; name = ContactsUI.framework; path = System/Library/Frameworks/ContactsUI.framework; sourceTree = SDKROOT; };
		4FDD4975D0B2F7545DEDC7E3 /* MessageEditorView.swift */ = {isa = PBXFileReference; lastKnownFileType = sourcecode.swift; path = MessageEditorView.swift; sourceTree = "<group>"; };
		515C84EDB0AA3A18D785D359 /* Contacts.framework */ = {isa = PBXFileReference; lastKnownFileType = wrapper.framework; name = Contacts.framework; path = System/Library/Frameworks/Contacts.framework; sourceTree = SDKROOT; };
		56848A3D33F9BCDBDC7559BE /* NotificationManagerTests.swift */ = {isa = PBXFileReference; lastKnownFileType = sourcecode.swift; path = NotificationManagerTests.swift; sourceTree = "<group>"; };
		5B9D402D86B5BA6F1C724263 /* SendSmsIntent.swift */ = {isa = PBXFileReference; lastKnownFileType = sourcecode.swift; path = SendSmsIntent.swift; sourceTree = "<group>"; };
		7113A1C5F2FC64EA206E9FBC /* NextSendFormatterTests.swift */ = {isa = PBXFileReference; lastKnownFileType = sourcecode.swift; path = NextSendFormatterTests.swift; sourceTree = "<group>"; };
		716764462AB555D31CB7A5FB /* RecurringMessageMatcher.swift */ = {isa = PBXFileReference; lastKnownFileType = sourcecode.swift; path = RecurringMessageMatcher.swift; sourceTree = "<group>"; };
		743F62948D742A626C347F27 /* RecurringMessageStore.swift */ = {isa = PBXFileReference; lastKnownFileType = sourcecode.swift; path = RecurringMessageStore.swift; sourceTree = "<group>"; };
		7AC544E8386BA1F92EB8098B /* ThinkLessScheduleMore.app */ = {isa = PBXFileReference; includeInIndex = 0; lastKnownFileType = wrapper.application; path = ThinkLessScheduleMore.app; sourceTree = BUILT_PRODUCTS_DIR; };
		7F40E10234ED82C3C2CD0F26 /* RecurringMessageMatcherTests.swift */ = {isa = PBXFileReference; lastKnownFileType = sourcecode.swift; path = RecurringMessageMatcherTests.swift; sourceTree = "<group>"; };
		873CF535E1E034991C9E0647 /* MessageSelector.swift */ = {isa = PBXFileReference; lastKnownFileType = sourcecode.swift; path = MessageSelector.swift; sourceTree = "<group>"; };
		9AE36A776B535BB3B20697C3 /* ThinkLessScheduleMoreWidget.entitlements */ = {isa = PBXFileReference; lastKnownFileType = text.plist.entitlements; path = ThinkLessScheduleMoreWidget.entitlements; sourceTree = "<group>"; };
		9D9E8F7DC7C06739799FAE01 /* Info.plist */ = {isa = PBXFileReference; lastKnownFileType = text.plist; path = Info.plist; sourceTree = "<group>"; };
		9F850F00693AF0CD9A277BC3 /* UserNotifications.framework */ = {isa = PBXFileReference; lastKnownFileType = wrapper.framework; name = UserNotifications.framework; path = System/Library/Frameworks/UserNotifications.framework; sourceTree = SDKROOT; };
		AD582A444975A210AD59B122 /* MessageSelectorTests.swift */ = {isa = PBXFileReference; lastKnownFileType = sourcecode.swift; path = MessageSelectorTests.swift; sourceTree = "<group>"; };
		B0B951C5A2DDF4D3DEC387D9 /* NextSendSnapshot.swift */ = {isa = PBXFileReference; lastKnownFileType = sourcecode.swift; path = NextSendSnapshot.swift; sourceTree = "<group>"; };
		B438A15633DC71EB8491C31B /* SchedulerManager.swift */ = {isa = PBXFileReference; lastKnownFileType = sourcecode.swift; path = SchedulerManager.swift; sourceTree = "<group>"; };
		B8859813CA7157B843F20938 /* SentLogEntry.swift */ = {isa = PBXFileReference; lastKnownFileType = sourcecode.swift; path = SentLogEntry.swift; sourceTree = "<group>"; };
		BA467FA22F0FFE4E1270A2DB /* AutomationAction.swift */ = {isa = PBXFileReference; lastKnownFileType = sourcecode.swift; path = AutomationAction.swift; sourceTree = "<group>"; };
		BF65479E50FF0C3328EBB561 /* SwiftUI.framework */ = {isa = PBXFileReference; lastKnownFileType = wrapper.framework; name = SwiftUI.framework; path = System/Library/Frameworks/SwiftUI.framework; sourceTree = SDKROOT; };
		D3D22253C23BD27C56B9D950 /* MessageStoreTests.swift */ = {isa = PBXFileReference; lastKnownFileType = sourcecode.swift; path = MessageStoreTests.swift; sourceTree = "<group>"; };
		D4F06BC09BCE1DD913ABEDF9 /* ThinkLessScheduleMoreWidgetBundle.swift */ = {isa = PBXFileReference; lastKnownFileType = sourcecode.swift; path = ThinkLessScheduleMoreWidgetBundle.swift; sourceTree = "<group>"; };
		D72FE61A8ED74BD71EB1CE70 /* ContactPickerView.swift */ = {isa = PBXFileReference; lastKnownFileType = sourcecode.swift; path = ContactPickerView.swift; sourceTree = "<group>"; };
		D926501E1DBA7C87A762C597 /* StatsCalculatorTests.swift */ = {isa = PBXFileReference; lastKnownFileType = sourcecode.swift; path = StatsCalculatorTests.swift; sourceTree = "<group>"; };
		E4A74DAC170A8576A75CA024 /* ContentView.swift */ = {isa = PBXFileReference; lastKnownFileType = sourcecode.swift; path = ContentView.swift; sourceTree = "<group>"; };
		E796D866907F68D75CE5B565 /* ThinkLessScheduleMoreTests.xctest */ = {isa = PBXFileReference; includeInIndex = 0; lastKnownFileType = wrapper.cfbundle; path = ThinkLessScheduleMoreTests.xctest; sourceTree = BUILT_PRODUCTS_DIR; };
		EDA093298699FD794AAF57ED /* AutomationRegistry.swift */ = {isa = PBXFileReference; lastKnownFileType = sourcecode.swift; path = AutomationRegistry.swift; sourceTree = "<group>"; };
		F0DDBCF313FC827D7DB3D184 /* ThinkLessScheduleMoreApp.swift */ = {isa = PBXFileReference; lastKnownFileType = sourcecode.swift; path = ThinkLessScheduleMoreApp.swift; sourceTree = "<group>"; };
		F157B2A07DBEABE193206BEB /* AutomationRegistryTests.swift */ = {isa = PBXFileReference; lastKnownFileType = sourcecode.swift; path = AutomationRegistryTests.swift; sourceTree = "<group>"; };
		F51B2AD9EC7413D4D39BD019 /* OpenSmsComposeActionTests.swift */ = {isa = PBXFileReference; lastKnownFileType = sourcecode.swift; path = OpenSmsComposeActionTests.swift; sourceTree = "<group>"; };
		F5DBDABDCAF6B312B571F2FA /* MessageTemplate.swift */ = {isa = PBXFileReference; lastKnownFileType = sourcecode.swift; path = MessageTemplate.swift; sourceTree = "<group>"; };
		FBB9C36EE009CA94A8B44AFF /* NextSendWidget.swift */ = {isa = PBXFileReference; lastKnownFileType = sourcecode.swift; path = NextSendWidget.swift; sourceTree = "<group>"; };
/* End PBXFileReference section */

/* Begin PBXFrameworksBuildPhase section */
		044B989C42F463D921C3A2BC /* Frameworks */ = {
			isa = PBXFrameworksBuildPhase;
			buildActionMask = 2147483647;
			files = (
				55681DCB6C3F79B64FA54FF7 /* WidgetKit.framework in Frameworks */,
				CD003CDA6C3BF1E74C80FBF1 /* SwiftUI.framework in Frameworks */,
			);
			runOnlyForDeploymentPostprocessing = 0;
		};
		63EC7788C5CC240A78DCA7DB /* Frameworks */ = {
			isa = PBXFrameworksBuildPhase;
			buildActionMask = 2147483647;
			files = (
				C18907142DAACC7A45C1C128 /* UserNotifications.framework in Frameworks */,
				A0C9E123F707BEC2BBE1DD22 /* WidgetKit.framework in Frameworks */,
				08A4ACA8AAE098CCF9A2FD84 /* Contacts.framework in Frameworks */,
				FB1516F8BAC4DFDD45E05830 /* ContactsUI.framework in Frameworks */,
			);
			runOnlyForDeploymentPostprocessing = 0;
		};
/* End PBXFrameworksBuildPhase section */

/* Begin PBXGroup section */
		05720CFC19863976969191A7 /* ThinkLessScheduleMoreTests */ = {
			isa = PBXGroup;
			children = (
				F157B2A07DBEABE193206BEB /* AutomationRegistryTests.swift */,
				AD582A444975A210AD59B122 /* MessageSelectorTests.swift */,
				D3D22253C23BD27C56B9D950 /* MessageStoreTests.swift */,
				4493E8BDADC5E35793632430 /* MessageTemplateTests.swift */,
				7113A1C5F2FC64EA206E9FBC /* NextSendFormatterTests.swift */,
				56848A3D33F9BCDBDC7559BE /* NotificationManagerTests.swift */,
				F51B2AD9EC7413D4D39BD019 /* OpenSmsComposeActionTests.swift */,
				7F40E10234ED82C3C2CD0F26 /* RecurringMessageMatcherTests.swift */,
				45F1528074812963E4DC538D /* SnoozeCalculatorTests.swift */,
				D926501E1DBA7C87A762C597 /* StatsCalculatorTests.swift */,
			);
			path = ThinkLessScheduleMoreTests;
			sourceTree = "<group>";
		};
		3B5D5C95EA93259E8F73DF9F /* ThinkLessScheduleMoreWidget */ = {
			isa = PBXGroup;
			children = (
				0F7E015903FD0178B1C20A12 /* Info.plist */,
				3C3ECE49A636B0525AD969DE /* NextSendProvider.swift */,
				FBB9C36EE009CA94A8B44AFF /* NextSendWidget.swift */,
				9AE36A776B535BB3B20697C3 /* ThinkLessScheduleMoreWidget.entitlements */,
				D4F06BC09BCE1DD913ABEDF9 /* ThinkLessScheduleMoreWidgetBundle.swift */,
			);
			path = ThinkLessScheduleMoreWidget;
			sourceTree = "<group>";
		};
		51144B79EE21684309C150FD /* Shared */ = {
			isa = PBXGroup;
			children = (
				43C94319F7CF01C36B8F1530 /* NextSendFormatter.swift */,
				B0B951C5A2DDF4D3DEC387D9 /* NextSendSnapshot.swift */,
			);
			path = Shared;
			sourceTree = "<group>";
		};
		5CF5183A41F29F949111DEE7 /* Frameworks */ = {
			isa = PBXGroup;
			children = (
				515C84EDB0AA3A18D785D359 /* Contacts.framework */,
				491DDE5CFCCC2C252B8B68D9 /* ContactsUI.framework */,
				BF65479E50FF0C3328EBB561 /* SwiftUI.framework */,
				9F850F00693AF0CD9A277BC3 /* UserNotifications.framework */,
				1C352F4412D6D158E316C991 /* WidgetKit.framework */,
			);
			name = Frameworks;
			sourceTree = "<group>";
		};
		A4FD43A3B912D2C9F8B96CF6 /* Products */ = {
			isa = PBXGroup;
			children = (
				7AC544E8386BA1F92EB8098B /* ThinkLessScheduleMore.app */,
				E796D866907F68D75CE5B565 /* ThinkLessScheduleMoreTests.xctest */,
				236A5E7B1DF80A5AC1A69D8B /* ThinkLessScheduleMoreWidgetExtension.appex */,
			);
			name = Products;
			sourceTree = "<group>";
		};
		B734B14606C881F9871454AF /* ThinkLessScheduleMore */ = {
			isa = PBXGroup;
			children = (
				BA467FA22F0FFE4E1270A2DB /* AutomationAction.swift */,
				EDA093298699FD794AAF57ED /* AutomationRegistry.swift */,
				D72FE61A8ED74BD71EB1CE70 /* ContactPickerView.swift */,
				E4A74DAC170A8576A75CA024 /* ContentView.swift */,
				9D9E8F7DC7C06739799FAE01 /* Info.plist */,
				4FDD4975D0B2F7545DEDC7E3 /* MessageEditorView.swift */,
				873CF535E1E034991C9E0647 /* MessageSelector.swift */,
				256C7A4160D2A9A5B0ECC173 /* MessageStore.swift */,
				F5DBDABDCAF6B312B571F2FA /* MessageTemplate.swift */,
				21328EBACA5A6D97CB46F79B /* NotificationManager.swift */,
				23C79DCCBC70F9C718E02978 /* OpenSmsComposeAction.swift */,
				716764462AB555D31CB7A5FB /* RecurringMessageMatcher.swift */,
				743F62948D742A626C347F27 /* RecurringMessageStore.swift */,
				B438A15633DC71EB8491C31B /* SchedulerManager.swift */,
				5B9D402D86B5BA6F1C724263 /* SendSmsIntent.swift */,
				B8859813CA7157B843F20938 /* SentLogEntry.swift */,
				481C3B1F4CE1675728668628 /* SnoozeCalculator.swift */,
				2EAB0B1F2A998C849425E901 /* StatsCalculator.swift */,
				47D9D54AE31C87ADBEE00D78 /* StatsView.swift */,
				1B9A78AE9CB09B5BA6E4DED7 /* ThinkLessScheduleMore.entitlements */,
				F0DDBCF313FC827D7DB3D184 /* ThinkLessScheduleMoreApp.swift */,
			);
			path = ThinkLessScheduleMore;
			sourceTree = "<group>";
		};
		D2AD2ECCE7F07EA15FEB1113 = {
			isa = PBXGroup;
			children = (
				51144B79EE21684309C150FD /* Shared */,
				B734B14606C881F9871454AF /* ThinkLessScheduleMore */,
				05720CFC19863976969191A7 /* ThinkLessScheduleMoreTests */,
				3B5D5C95EA93259E8F73DF9F /* ThinkLessScheduleMoreWidget */,
				5CF5183A41F29F949111DEE7 /* Frameworks */,
				A4FD43A3B912D2C9F8B96CF6 /* Products */,
			);
			sourceTree = "<group>";
		};
/* End PBXGroup section */

/* Begin PBXNativeTarget section */
		3B72C052548ABD22111CCEC0 /* ThinkLessScheduleMore */ = {
			isa = PBXNativeTarget;
			buildConfigurationList = C88BCEE905223929A3B19982 /* Build configuration list for PBXNativeTarget "ThinkLessScheduleMore" */;
			buildPhases = (
				009140EB4EC86A90866CB799 /* Sources */,
				63EC7788C5CC240A78DCA7DB /* Frameworks */,
				3B3447BA28EA84B45FD1C3E2 /* Embed Foundation Extensions */,
			);
			buildRules = (
			);
			dependencies = (
				6B1A1D4B710E75F970B418F6 /* PBXTargetDependency */,
			);
			name = ThinkLessScheduleMore;
			packageProductDependencies = (
			);
			productName = ThinkLessScheduleMore;
			productReference = 7AC544E8386BA1F92EB8098B /* ThinkLessScheduleMore.app */;
			productType = "com.apple.product-type.application";
		};
		6EDFB77C6C120448A42EBC7C /* ThinkLessScheduleMoreTests */ = {
			isa = PBXNativeTarget;
			buildConfigurationList = CA215D8CAED3D2E055250DAC /* Build configuration list for PBXNativeTarget "ThinkLessScheduleMoreTests" */;
			buildPhases = (
				5DF6BD66B5ADAFC20C3247F4 /* Sources */,
			);
			buildRules = (
			);
			dependencies = (
				F7F37D334AD253A0E2C9758E /* PBXTargetDependency */,
			);
			name = ThinkLessScheduleMoreTests;
			packageProductDependencies = (
			);
			productName = ThinkLessScheduleMoreTests;
			productReference = E796D866907F68D75CE5B565 /* ThinkLessScheduleMoreTests.xctest */;
			productType = "com.apple.product-type.bundle.unit-test";
		};
		9AF12586DF026624AF5147C7 /* ThinkLessScheduleMoreWidgetExtension */ = {
			isa = PBXNativeTarget;
			buildConfigurationList = 9031E9CE3094CAF9C30F88DD /* Build configuration list for PBXNativeTarget "ThinkLessScheduleMoreWidgetExtension" */;
			buildPhases = (
				EF292D541AEBCF98127CB7CC /* Sources */,
				044B989C42F463D921C3A2BC /* Frameworks */,
			);
			buildRules = (
			);
			dependencies = (
			);
			name = ThinkLessScheduleMoreWidgetExtension;
			packageProductDependencies = (
			);
			productName = ThinkLessScheduleMoreWidgetExtension;
			productReference = 236A5E7B1DF80A5AC1A69D8B /* ThinkLessScheduleMoreWidgetExtension.appex */;
			productType = "com.apple.product-type.app-extension";
		};
/* End PBXNativeTarget section */

/* Begin PBXProject section */
		884F6FC156A7712B9721EFC9 /* Project object */ = {
			isa = PBXProject;
			attributes = {
				BuildIndependentTargetsInParallel = YES;
				LastUpgradeCheck = 1430;
				TargetAttributes = {
					3B72C052548ABD22111CCEC0 = {
						ProvisioningStyle = Automatic;
					};
					9AF12586DF026624AF5147C7 = {
						ProvisioningStyle = Automatic;
					};
				};
			};
			buildConfigurationList = 1F57B4C93A1B1E69B6FA7080 /* Build configuration list for PBXProject "ThinkLessScheduleMore" */;
			developmentRegion = en;
			hasScannedForEncodings = 0;
			knownRegions = (
				Base,
				en,
			);
			mainGroup = D2AD2ECCE7F07EA15FEB1113;
			minimizedProjectReferenceProxies = 1;
			preferredProjectObjectVersion = 77;
			productRefGroup = A4FD43A3B912D2C9F8B96CF6 /* Products */;
			projectDirPath = "";
			projectRoot = "";
			targets = (
				3B72C052548ABD22111CCEC0 /* ThinkLessScheduleMore */,
				6EDFB77C6C120448A42EBC7C /* ThinkLessScheduleMoreTests */,
				9AF12586DF026624AF5147C7 /* ThinkLessScheduleMoreWidgetExtension */,
			);
		};
/* End PBXProject section */

/* Begin PBXSourcesBuildPhase section */
		009140EB4EC86A90866CB799 /* Sources */ = {
			isa = PBXSourcesBuildPhase;
			buildActionMask = 2147483647;
			files = (
				7FE0C0720F9430A2B827E3AD /* AutomationAction.swift in Sources */,
				CBD377F22BE8FAAA8CF7026B /* AutomationRegistry.swift in Sources */,
				491B42D237FDFE10F8DD59CA /* ContactPickerView.swift in Sources */,
				E8FA5DE39C502772BAC5EBB1 /* ContentView.swift in Sources */,
				B3B35DBD32C165FE71AE3354 /* MessageEditorView.swift in Sources */,
				63483AE453B88504EC692D61 /* MessageSelector.swift in Sources */,
				63D7DF97B97FA0E1092A901E /* MessageStore.swift in Sources */,
				805FB991F15D019A9CFD8CBA /* MessageTemplate.swift in Sources */,
				9D840A474768596033DE5C92 /* NextSendFormatter.swift in Sources */,
				703FC6AD3615E7E2CDCBCC5C /* NextSendSnapshot.swift in Sources */,
				39F70C9AA3AF31547147421F /* NotificationManager.swift in Sources */,
				A1E322D63E52F6B03881DD7E /* OpenSmsComposeAction.swift in Sources */,
				8DBC3C96C993355F8E923E6E /* RecurringMessageMatcher.swift in Sources */,
				D3E659A7F3E4741E8E5F739A /* RecurringMessageStore.swift in Sources */,
				B8131142DD03542AACD49EC8 /* SchedulerManager.swift in Sources */,
				31D90C96BE449C66B25CFA1B /* SendSmsIntent.swift in Sources */,
				5AFDE4841593394C58C61538 /* SentLogEntry.swift in Sources */,
				8201DA88AAD6B438678064B9 /* SnoozeCalculator.swift in Sources */,
				42DCA28511773517EAD1BD83 /* StatsCalculator.swift in Sources */,
				8E249E641CD3B1D4BA032607 /* StatsView.swift in Sources */,
				593C83F255E7776F04BE8096 /* ThinkLessScheduleMoreApp.swift in Sources */,
			);
			runOnlyForDeploymentPostprocessing = 0;
		};
		5DF6BD66B5ADAFC20C3247F4 /* Sources */ = {
			isa = PBXSourcesBuildPhase;
			buildActionMask = 2147483647;
			files = (
				A91321873654983423871D54 /* AutomationRegistryTests.swift in Sources */,
				9E2797AAE36BFD4E9B647423 /* MessageSelectorTests.swift in Sources */,
				3F1CFFA20F8776EE9E97A4EE /* MessageStoreTests.swift in Sources */,
				58DBE3694B579676BDB54BFF /* MessageTemplateTests.swift in Sources */,
				DC05FBB357AFA878C60A0DEC /* NextSendFormatterTests.swift in Sources */,
				AB068D78D9AFBA187FB05F59 /* NotificationManagerTests.swift in Sources */,
				8BE5197C6CE1331A5154489A /* OpenSmsComposeActionTests.swift in Sources */,
				6D7004CBA2A8831D6A9EA058 /* RecurringMessageMatcherTests.swift in Sources */,
				B76B57D2F7217800ECE2B7C4 /* SnoozeCalculatorTests.swift in Sources */,
				FA78B327CE7CA4C9292D7A26 /* StatsCalculatorTests.swift in Sources */,
			);
			runOnlyForDeploymentPostprocessing = 0;
		};
		EF292D541AEBCF98127CB7CC /* Sources */ = {
			isa = PBXSourcesBuildPhase;
			buildActionMask = 2147483647;
			files = (
				E7E77895BE548A24EECA99D4 /* NextSendFormatter.swift in Sources */,
				9368A97947B901B87763B36F /* NextSendProvider.swift in Sources */,
				035519680195C4F91EEF3B52 /* NextSendSnapshot.swift in Sources */,
				F0CBF1D2B1C720A833BCE1C4 /* NextSendWidget.swift in Sources */,
				919A57AD10507B661C8099A4 /* ThinkLessScheduleMoreWidgetBundle.swift in Sources */,
			);
			runOnlyForDeploymentPostprocessing = 0;
		};
/* End PBXSourcesBuildPhase section */

/* Begin PBXTargetDependency section */
		6B1A1D4B710E75F970B418F6 /* PBXTargetDependency */ = {
			isa = PBXTargetDependency;
			target = 9AF12586DF026624AF5147C7 /* ThinkLessScheduleMoreWidgetExtension */;
			targetProxy = 2B2A1EDB821BD3F16C2C558F /* PBXContainerItemProxy */;
		};
		F7F37D334AD253A0E2C9758E /* PBXTargetDependency */ = {
			isa = PBXTargetDependency;
			target = 3B72C052548ABD22111CCEC0 /* ThinkLessScheduleMore */;
			targetProxy = 9BFB40C083E2549BAF7123B7 /* PBXContainerItemProxy */;
		};
/* End PBXTargetDependency section */

/* Begin XCBuildConfiguration section */
		10DDBC5E5C4FFF7E2076FEF2 /* Release */ = {
			isa = XCBuildConfiguration;
			buildSettings = {
				CODE_SIGN_ENTITLEMENTS = ThinkLessScheduleMoreWidget/ThinkLessScheduleMoreWidget.entitlements;
				CODE_SIGN_STYLE = Automatic;
				CURRENT_PROJECT_VERSION = 1;
				GENERATE_INFOPLIST_FILE = NO;
				INFOPLIST_FILE = ThinkLessScheduleMoreWidget/Info.plist;
				LD_RUNPATH_SEARCH_PATHS = (
					"$(inherited)",
					"@executable_path/Frameworks",
					"@executable_path/../../Frameworks",
				);
				MARKETING_VERSION = 1.0.0;
				ONLY_ACTIVE_ARCH = YES;
				PRODUCT_BUNDLE_IDENTIFIER = com.landonkea.ThinkLessScheduleMore.widget;
				SDKROOT = iphoneos;
				SWIFT_VERSION = 5.0;
				TARGETED_DEVICE_FAMILY = "1,2";
			};
			name = Release;
		};
		2696A60A53C3F464701AE783 /* Debug */ = {
			isa = XCBuildConfiguration;
			buildSettings = {
				BUNDLE_LOADER = "$(TEST_HOST)";
				GENERATE_INFOPLIST_FILE = YES;
				LD_RUNPATH_SEARCH_PATHS = (
					"$(inherited)",
					"@executable_path/Frameworks",
					"@loader_path/Frameworks",
				);
				PRODUCT_BUNDLE_IDENTIFIER = com.landonkea.ThinkLessScheduleMoreTests;
				SDKROOT = iphoneos;
				TARGETED_DEVICE_FAMILY = "1,2";
				TEST_HOST = "$(BUILT_PRODUCTS_DIR)/ThinkLessScheduleMore.app/ThinkLessScheduleMore";
			};
			name = Debug;
		};
		3235451D539654DF26A6DECD /* Release */ = {
			isa = XCBuildConfiguration;
			buildSettings = {
				ALWAYS_SEARCH_USER_PATHS = NO;
				CLANG_ANALYZER_NONNULL = YES;
				CLANG_ANALYZER_NUMBER_OBJECT_CONVERSION = YES_AGGRESSIVE;
				CLANG_CXX_LANGUAGE_STANDARD = "gnu++14";
				CLANG_CXX_LIBRARY = "libc++";
				CLANG_ENABLE_MODULES = YES;
				CLANG_ENABLE_OBJC_ARC = YES;
				CLANG_ENABLE_OBJC_WEAK = YES;
				CLANG_WARN_BLOCK_CAPTURE_AUTORELEASING = YES;
				CLANG_WARN_BOOL_CONVERSION = YES;
				CLANG_WARN_COMMA = YES;
				CLANG_WARN_CONSTANT_CONVERSION = YES;
				CLANG_WARN_DEPRECATED_OBJC_IMPLEMENTATIONS = YES;
				CLANG_WARN_DIRECT_OBJC_ISA_USAGE = YES_ERROR;
				CLANG_WARN_DOCUMENTATION_COMMENTS = YES;
				CLANG_WARN_EMPTY_BODY = YES;
				CLANG_WARN_ENUM_CONVERSION = YES;
				CLANG_WARN_INFINITE_RECURSION = YES;
				CLANG_WARN_INT_CONVERSION = YES;
				CLANG_WARN_NON_LITERAL_NULL_CONVERSION = YES;
				CLANG_WARN_OBJC_IMPLICIT_RETAIN_SELF = YES;
				CLANG_WARN_OBJC_LITERAL_CONVERSION = YES;
				CLANG_WARN_OBJC_ROOT_CLASS = YES_ERROR;
				CLANG_WARN_QUOTED_INCLUDE_IN_FRAMEWORK_HEADER = YES;
				CLANG_WARN_RANGE_LOOP_ANALYSIS = YES;
				CLANG_WARN_STRICT_PROTOTYPES = YES;
				CLANG_WARN_SUSPICIOUS_MOVE = YES;
				CLANG_WARN_UNGUARDED_AVAILABILITY = YES_AGGRESSIVE;
				CLANG_WARN_UNREACHABLE_CODE = YES;
				CLANG_WARN__DUPLICATE_METHOD_MATCH = YES;
				COPY_PHASE_STRIP = NO;
				DEBUG_INFORMATION_FORMAT = "dwarf-with-dsym";
				ENABLE_NS_ASSERTIONS = NO;
				ENABLE_STRICT_OBJC_MSGSEND = YES;
				GCC_C_LANGUAGE_STANDARD = gnu11;
				GCC_NO_COMMON_BLOCKS = YES;
				GCC_WARN_64_TO_32_BIT_CONVERSION = YES;
				GCC_WARN_ABOUT_RETURN_TYPE = YES_ERROR;
				GCC_WARN_UNDECLARED_SELECTOR = YES;
				GCC_WARN_UNINITIALIZED_AUTOS = YES_AGGRESSIVE;
				GCC_WARN_UNUSED_FUNCTION = YES;
				GCC_WARN_UNUSED_VARIABLE = YES;
				IPHONEOS_DEPLOYMENT_TARGET = 17.0;
				MTL_ENABLE_DEBUG_INFO = NO;
				MTL_FAST_MATH = YES;
				PRODUCT_NAME = "$(TARGET_NAME)";
				SDKROOT = iphoneos;
				SWIFT_COMPILATION_MODE = wholemodule;
				SWIFT_OPTIMIZATION_LEVEL = "-O";
				SWIFT_VERSION = 5.0;
			};
			name = Release;
		};
		420D80EF6A28A7FD0885E7F3 /* Release */ = {
			isa = XCBuildConfiguration;
			buildSettings = {
				ASSETCATALOG_COMPILER_APPICON_NAME = "";
				CODE_SIGN_ENTITLEMENTS = ThinkLessScheduleMore/ThinkLessScheduleMore.entitlements;
				CODE_SIGN_IDENTITY = "iPhone Developer";
				CODE_SIGN_STYLE = Automatic;
				CURRENT_PROJECT_VERSION = 1;
				GENERATE_INFOPLIST_FILE = YES;
				INFOPLIST_FILE = ThinkLessScheduleMore/Info.plist;
				INFOPLIST_KEY_UIApplicationSceneManifest_Generation = YES;
				LD_RUNPATH_SEARCH_PATHS = (
					"$(inherited)",
					"@executable_path/Frameworks",
				);
				MARKETING_VERSION = 1.0.0;
				ONLY_ACTIVE_ARCH = YES;
				PRODUCT_BUNDLE_IDENTIFIER = com.landonkea.ThinkLessScheduleMore;
				SDKROOT = iphoneos;
				SUPPORTS_MACCATALYST = NO;
				SWIFT_ACTIVE_COMPILATION_CONDITIONS = DEBUG;
				TARGETED_DEVICE_FAMILY = "1,2";
			};
			name = Release;
		};
		64393DB6BDD3F24EEF23F1E6 /* Debug */ = {
			isa = XCBuildConfiguration;
			buildSettings = {
				ASSETCATALOG_COMPILER_APPICON_NAME = "";
				CODE_SIGN_ENTITLEMENTS = ThinkLessScheduleMore/ThinkLessScheduleMore.entitlements;
				CODE_SIGN_IDENTITY = "iPhone Developer";
				CODE_SIGN_STYLE = Automatic;
				CURRENT_PROJECT_VERSION = 1;
				GENERATE_INFOPLIST_FILE = YES;
				INFOPLIST_FILE = ThinkLessScheduleMore/Info.plist;
				INFOPLIST_KEY_UIApplicationSceneManifest_Generation = YES;
				LD_RUNPATH_SEARCH_PATHS = (
					"$(inherited)",
					"@executable_path/Frameworks",
				);
				MARKETING_VERSION = 1.0.0;
				ONLY_ACTIVE_ARCH = YES;
				PRODUCT_BUNDLE_IDENTIFIER = com.landonkea.ThinkLessScheduleMore;
				SDKROOT = iphoneos;
				SUPPORTS_MACCATALYST = NO;
				SWIFT_ACTIVE_COMPILATION_CONDITIONS = DEBUG;
				TARGETED_DEVICE_FAMILY = "1,2";
			};
			name = Debug;
		};
		85FD9BB69B2493026A391D85 /* Release */ = {
			isa = XCBuildConfiguration;
			buildSettings = {
				BUNDLE_LOADER = "$(TEST_HOST)";
				GENERATE_INFOPLIST_FILE = YES;
				LD_RUNPATH_SEARCH_PATHS = (
					"$(inherited)",
					"@executable_path/Frameworks",
					"@loader_path/Frameworks",
				);
				PRODUCT_BUNDLE_IDENTIFIER = com.landonkea.ThinkLessScheduleMoreTests;
				SDKROOT = iphoneos;
				TARGETED_DEVICE_FAMILY = "1,2";
				TEST_HOST = "$(BUILT_PRODUCTS_DIR)/ThinkLessScheduleMore.app/ThinkLessScheduleMore";
			};
			name = Release;
		};
		D4DFB4C18673267AC29AA002 /* Debug */ = {
			isa = XCBuildConfiguration;
			buildSettings = {
				CODE_SIGN_ENTITLEMENTS = ThinkLessScheduleMoreWidget/ThinkLessScheduleMoreWidget.entitlements;
				CODE_SIGN_STYLE = Automatic;
				CURRENT_PROJECT_VERSION = 1;
				GENERATE_INFOPLIST_FILE = NO;
				INFOPLIST_FILE = ThinkLessScheduleMoreWidget/Info.plist;
				LD_RUNPATH_SEARCH_PATHS = (
					"$(inherited)",
					"@executable_path/Frameworks",
					"@executable_path/../../Frameworks",
				);
				MARKETING_VERSION = 1.0.0;
				ONLY_ACTIVE_ARCH = YES;
				PRODUCT_BUNDLE_IDENTIFIER = com.landonkea.ThinkLessScheduleMore.widget;
				SDKROOT = iphoneos;
				SWIFT_VERSION = 5.0;
				TARGETED_DEVICE_FAMILY = "1,2";
			};
			name = Debug;
		};
		D9614E9180767E43545136D5 /* Debug */ = {
			isa = XCBuildConfiguration;
			buildSettings = {
				ALWAYS_SEARCH_USER_PATHS = NO;
				CLANG_ANALYZER_NONNULL = YES;
				CLANG_ANALYZER_NUMBER_OBJECT_CONVERSION = YES_AGGRESSIVE;
				CLANG_CXX_LANGUAGE_STANDARD = "gnu++14";
				CLANG_CXX_LIBRARY = "libc++";
				CLANG_ENABLE_MODULES = YES;
				CLANG_ENABLE_OBJC_ARC = YES;
				CLANG_ENABLE_OBJC_WEAK = YES;
				CLANG_WARN_BLOCK_CAPTURE_AUTORELEASING = YES;
				CLANG_WARN_BOOL_CONVERSION = YES;
				CLANG_WARN_COMMA = YES;
				CLANG_WARN_CONSTANT_CONVERSION = YES;
				CLANG_WARN_DEPRECATED_OBJC_IMPLEMENTATIONS = YES;
				CLANG_WARN_DIRECT_OBJC_ISA_USAGE = YES_ERROR;
				CLANG_WARN_DOCUMENTATION_COMMENTS = YES;
				CLANG_WARN_EMPTY_BODY = YES;
				CLANG_WARN_ENUM_CONVERSION = YES;
				CLANG_WARN_INFINITE_RECURSION = YES;
				CLANG_WARN_INT_CONVERSION = YES;
				CLANG_WARN_NON_LITERAL_NULL_CONVERSION = YES;
				CLANG_WARN_OBJC_IMPLICIT_RETAIN_SELF = YES;
				CLANG_WARN_OBJC_LITERAL_CONVERSION = YES;
				CLANG_WARN_OBJC_ROOT_CLASS = YES_ERROR;
				CLANG_WARN_QUOTED_INCLUDE_IN_FRAMEWORK_HEADER = YES;
				CLANG_WARN_RANGE_LOOP_ANALYSIS = YES;
				CLANG_WARN_STRICT_PROTOTYPES = YES;
				CLANG_WARN_SUSPICIOUS_MOVE = YES;
				CLANG_WARN_UNGUARDED_AVAILABILITY = YES_AGGRESSIVE;
				CLANG_WARN_UNREACHABLE_CODE = YES;
				CLANG_WARN__DUPLICATE_METHOD_MATCH = YES;
				COPY_PHASE_STRIP = NO;
				DEBUG_INFORMATION_FORMAT = dwarf;
				ENABLE_STRICT_OBJC_MSGSEND = YES;
				ENABLE_TESTABILITY = YES;
				GCC_C_LANGUAGE_STANDARD = gnu11;
				GCC_DYNAMIC_NO_PIC = NO;
				GCC_NO_COMMON_BLOCKS = YES;
				GCC_OPTIMIZATION_LEVEL = 0;
				GCC_PREPROCESSOR_DEFINITIONS = (
					"$(inherited)",
					"DEBUG=1",
				);
				GCC_WARN_64_TO_32_BIT_CONVERSION = YES;
				GCC_WARN_ABOUT_RETURN_TYPE = YES_ERROR;
				GCC_WARN_UNDECLARED_SELECTOR = YES;
				GCC_WARN_UNINITIALIZED_AUTOS = YES_AGGRESSIVE;
				GCC_WARN_UNUSED_FUNCTION = YES;
				GCC_WARN_UNUSED_VARIABLE = YES;
				IPHONEOS_DEPLOYMENT_TARGET = 17.0;
				MTL_ENABLE_DEBUG_INFO = INCLUDE_SOURCE;
				MTL_FAST_MATH = YES;
				ONLY_ACTIVE_ARCH = YES;
				PRODUCT_NAME = "$(TARGET_NAME)";
				SDKROOT = iphoneos;
				SWIFT_ACTIVE_COMPILATION_CONDITIONS = DEBUG;
				SWIFT_OPTIMIZATION_LEVEL = "-Onone";
				SWIFT_VERSION = 5.0;
			};
			name = Debug;
		};
/* End XCBuildConfiguration section */

/* Begin XCConfigurationList section */
		1F57B4C93A1B1E69B6FA7080 /* Build configuration list for PBXProject "ThinkLessScheduleMore" */ = {
			isa = XCConfigurationList;
			buildConfigurations = (
				D9614E9180767E43545136D5 /* Debug */,
				3235451D539654DF26A6DECD /* Release */,
			);
			defaultConfigurationIsVisible = 0;
			defaultConfigurationName = Debug;
		};
		9031E9CE3094CAF9C30F88DD /* Build configuration list for PBXNativeTarget "ThinkLessScheduleMoreWidgetExtension" */ = {
			isa = XCConfigurationList;
			buildConfigurations = (
				D4DFB4C18673267AC29AA002 /* Debug */,
				10DDBC5E5C4FFF7E2076FEF2 /* Release */,
			);
			defaultConfigurationIsVisible = 0;
			defaultConfigurationName = Debug;
		};
		C88BCEE905223929A3B19982 /* Build configuration list for PBXNativeTarget "ThinkLessScheduleMore" */ = {
			isa = XCConfigurationList;
			buildConfigurations = (
				64393DB6BDD3F24EEF23F1E6 /* Debug */,
				420D80EF6A28A7FD0885E7F3 /* Release */,
			);
			defaultConfigurationIsVisible = 0;
			defaultConfigurationName = Debug;
		};
		CA215D8CAED3D2E055250DAC /* Build configuration list for PBXNativeTarget "ThinkLessScheduleMoreTests" */ = {
			isa = XCConfigurationList;
			buildConfigurations = (
				2696A60A53C3F464701AE783 /* Debug */,
				85FD9BB69B2493026A391D85 /* Release */,
			);
			defaultConfigurationIsVisible = 0;
			defaultConfigurationName = Debug;
		};
/* End XCConfigurationList section */
	};
	rootObject = 884F6FC156A7712B9721EFC9 /* Project object */;
}
